# THIS IS AN AUTOGENERATED FILE. DO NOT EDIT THIS FILE DIRECTLY.
# yarn lockfile v1


"chartkick@~> 3.2.1":
  version "3.2.1"
  resolved "https://registry.yarnpkg.com/chartkick/-/chartkick-3.2.1.tgz#a80c2005ae353c5ae011d0a756b6f592fc8fc7a9"
  integrity sha512-zV0kUeZNqrX28AmPt10QEDXHKadbVFOTAFkCMyJifHzGFkKzGCDXxVR8orZ0fC1HbePzRn5w6kLCOVxDQbMUCg==
